
Microsoft Visual Studio Solution File, Format Version 12.00
# Visual Studio 15
VisualStudioVersion = 15.0.28307.1684
MinimumVisualStudioVersion = 10.0.40219.1
Project("{8BC9CEB8-8B4A-11D0-8D11-00A0C91BC942}") = "27", "27\27.vcxproj", "{08723E2A-832A-4134-965F-D99B159889E1}"
EndProject
Global
	GlobalSection(SolutionConfigurationPlatforms) = preSolution
		Debug|x64 = Debug|x64
		Debug|x86 = Debug|x86
		Release|x64 = Release|x64
		Release|x86 = Release|x86
	EndGlobalSection
	GlobalSection(ProjectConfigurationPlatforms) = postSolution
		{08723E2A-832A-4134-965F-D99B159889E1}.Debug|x64.ActiveCfg = Debug|x64
		{08723E2A-832A-4134-965F-D99B159889E1}.Debug|x64.Build.0 = Debug|x64
		{08723E2A-832A-4134-965F-D99B159889E1}.Debug|x86.ActiveCfg = Debug|Win32
		{08723E2A-832A-4134-965F-D99B159889E1}.Debug|x86.Build.0 = Debug|Win32
		{08723E2A-832A-4134-965F-D99B159889E1}.Release|x64.ActiveCfg = Release|x64
		{08723E2A-832A-4134-965F-D99B159889E1}.Release|x64.Build.0 = Release|x64
		{08723E2A-832A-4134-965F-D99B159889E1}.Release|x86.ActiveCfg = Release|Win32
		{08723E2A-832A-4134-965F-D99B159889E1}.Release|x86.Build.0 = Release|Win32
	EndGlobalSection
	GlobalSection(SolutionProperties) = preSolution
		HideSolutionNode = FALSE
	EndGlobalSection
	GlobalSection(ExtensibilityGlobals) = postSolution
		SolutionGuid = {713D1DA1-50AB-469E-BB15-DC0CD8767D3A}
	EndGlobalSection
EndGlobal
